Microsoft Visual Studio Solution File, Format Version 12.00
# Visual Studio Version 17
VisualStudioVersion = 17.1.32328.378
MinimumVisualStudioVersion = 10.0.40219.1
Project("{F184B08F-C81C-45F6-A57F-5ABD9991F28F}") = "PDF_Viewer", "PDF_Viewer\PDF_Viewer.vbproj", "{51B0D106-531C-491E-97F1-3F8FAEA8D364}"
EndProject
Global
	GlobalSection(SolutionConfigurationPlatforms) = preSolution
		Debug|Any CPU = Debug|Any CPU
		Release|Any CPU = Release|Any CPU
	EndGlobalSection
	GlobalSection(ProjectConfigurationPlatforms) = postSolution
		{51B0D106-531C-491E-97F1-3F8FAEA8D364}.Debug|Any CPU.ActiveCfg = Debug|Any CPU
		{51B0D106-531C-491E-97F1-3F8FAEA8D364}.Debug|Any CPU.Build.0 = Debug|Any CPU
		{51B0D106-531C-491E-97F1-3F8FAEA8D364}.Release|Any CPU.ActiveCfg = Release|Any CPU
		{51B0D106-531C-491E-97F1-3F8FAEA8D364}.Release|Any CPU.Build.0 = Release|Any CPU
	EndGlobalSection
	GlobalSection(SolutionProperties) = preSolution
		HideSolutionNode = FALSE
	EndGlobalSection
	GlobalSection(ExtensibilityGlobals) = postSolution
		SolutionGuid = {19ED5192-5284-46D9-A20D-3F4EA818D0E6}
	EndGlobalSection
EndGlobal
